{
  "name": "tocpp",
  "version": "0.0.1",
  "lockfileVersion": 3,
  "requires": true,
  "packages": {
    "": {
      "name": "tocpp",
      "version": "0.0.1",
      "license": "MIT",
      "dependencies": {
        "jayesstocpp": "latest"
      },
      "bin": {
        "tocpp": "cli.js"
      }
    },
    "node_modules/jayesstocpp": {
      "version": "0.0.2",
      "resolved": "https://registry.npmjs.org/jayesstocpp/-/jayesstocpp-0.0.2.tgz",
      "integrity": "sha512-QkNqInMrd70h+4IBiNovYYtDWb7NsimT0o5+bBmjiAcx5j03Zl9fOHBJV7/3f3nlagypN7clD0laFvAGHj1iRw==",
      "license": "MIT"
    }
  }
}
